
Microsoft Visual Studio Solution File, Format Version 12.00
# Visual Studio Version 17
VisualStudioVersion = 17.14.36121.58 d17.14
MinimumVisualStudioVersion = 10.0.40219.1
Project("{FAE04EC0-301F-11D3-BF4B-00C04F79EFBC}") = "Lab2_Madlib", "Lab2_Madlib\Lab2_Madlib.csproj", "{F6956D7C-B59B-41B0-8BE5-CE725967EBE9}"
EndProject
Global
	GlobalSection(SolutionConfigurationPlatforms) = preSolution
		Debug|Any CPU = Debug|Any CPU
		Release|Any CPU = Release|Any CPU
	EndGlobalSection
	GlobalSection(ProjectConfigurationPlatforms) = postSolution
		{F6956D7C-B59B-41B0-8BE5-CE725967EBE9}.Debug|Any CPU.ActiveCfg = Debug|Any CPU
		{F6956D7C-B59B-41B0-8BE5-CE725967EBE9}.Debug|Any CPU.Build.0 = Debug|Any CPU
		{F6956D7C-B59B-41B0-8BE5-CE725967EBE9}.Release|Any CPU.ActiveCfg = Release|Any CPU
		{F6956D7C-B59B-41B0-8BE5-CE725967EBE9}.Release|Any CPU.Build.0 = Release|Any CPU
	EndGlobalSection
	GlobalSection(SolutionProperties) = preSolution
		HideSolutionNode = FALSE
	EndGlobalSection
	GlobalSection(ExtensibilityGlobals) = postSolution
		SolutionGuid = {4CC7DD97-AFA6-4E4B-B9C6-03EBC3E2A525}
	EndGlobalSection
EndGlobal
