
Microsoft Visual Studio Solution File, Format Version 12.00
# Visual Studio Version 17
VisualStudioVersion = 17.14.36202.13 d17.14
MinimumVisualStudioVersion = 10.0.40219.1
Project("{FAE04EC0-301F-11D3-BF4B-00C04F79EFBC}") = "Practice_LoopsFor", "Practice_LoopsFor\Practice_LoopsFor.csproj", "{7A807BDC-2C84-4593-BDE1-FB0EE5602126}"
EndProject
Global
	GlobalSection(SolutionConfigurationPlatforms) = preSolution
		Debug|Any CPU = Debug|Any CPU
		Release|Any CPU = Release|Any CPU
	EndGlobalSection
	GlobalSection(ProjectConfigurationPlatforms) = postSolution
		{7A807BDC-2C84-4593-BDE1-FB0EE5602126}.Debug|Any CPU.ActiveCfg = Debug|Any CPU
		{7A807BDC-2C84-4593-BDE1-FB0EE5602126}.Debug|Any CPU.Build.0 = Debug|Any CPU
		{7A807BDC-2C84-4593-BDE1-FB0EE5602126}.Release|Any CPU.ActiveCfg = Release|Any CPU
		{7A807BDC-2C84-4593-BDE1-FB0EE5602126}.Release|Any CPU.Build.0 = Release|Any CPU
	EndGlobalSection
	GlobalSection(SolutionProperties) = preSolution
		HideSolutionNode = FALSE
	EndGlobalSection
	GlobalSection(ExtensibilityGlobals) = postSolution
		SolutionGuid = {8C4D0590-8B01-4FAC-937D-204D8817029C}
	EndGlobalSection
EndGlobal
