
Microsoft Visual Studio Solution File, Format Version 12.00
# Visual Studio Version 17
VisualStudioVersion = 17.14.36221.1 d17.14
MinimumVisualStudioVersion = 10.0.40219.1
Project("{FAE04EC0-301F-11D3-BF4B-00C04F79EFBC}") = "Practice_Methods-Parameters", "Practice_Methods-Parameters\Practice_Methods-Parameters.csproj", "{6CC796D8-813A-4EC4-B7DE-CBD8E8B5D5BD}"
EndProject
Global
	GlobalSection(SolutionConfigurationPlatforms) = preSolution
		Debug|Any CPU = Debug|Any CPU
		Release|Any CPU = Release|Any CPU
	EndGlobalSection
	GlobalSection(ProjectConfigurationPlatforms) = postSolution
		{6CC796D8-813A-4EC4-B7DE-CBD8E8B5D5BD}.Debug|Any CPU.ActiveCfg = Debug|Any CPU
		{6CC796D8-813A-4EC4-B7DE-CBD8E8B5D5BD}.Debug|Any CPU.Build.0 = Debug|Any CPU
		{6CC796D8-813A-4EC4-B7DE-CBD8E8B5D5BD}.Release|Any CPU.ActiveCfg = Release|Any CPU
		{6CC796D8-813A-4EC4-B7DE-CBD8E8B5D5BD}.Release|Any CPU.Build.0 = Release|Any CPU
	EndGlobalSection
	GlobalSection(SolutionProperties) = preSolution
		HideSolutionNode = FALSE
	EndGlobalSection
	GlobalSection(ExtensibilityGlobals) = postSolution
		SolutionGuid = {F96AFC91-70B3-4D54-987F-8EC6FC2B44D3}
	EndGlobalSection
EndGlobal
