
Microsoft Visual Studio Solution File, Format Version 12.00
# Visual Studio Version 17
VisualStudioVersion = 17.14.36301.6 d17.14
MinimumVisualStudioVersion = 10.0.40219.1
Project("{FAE04EC0-301F-11D3-BF4B-00C04F79EFBC}") = "Practice_OOP", "Practice_OOP\Practice_OOP.csproj", "{3BF97925-24F4-4CFA-B217-1C6F8883F2DF}"
EndProject
Global
	GlobalSection(SolutionConfigurationPlatforms) = preSolution
		Debug|Any CPU = Debug|Any CPU
		Release|Any CPU = Release|Any CPU
	EndGlobalSection
	GlobalSection(ProjectConfigurationPlatforms) = postSolution
		{3BF97925-24F4-4CFA-B217-1C6F8883F2DF}.Debug|Any CPU.ActiveCfg = Debug|Any CPU
		{3BF97925-24F4-4CFA-B217-1C6F8883F2DF}.Debug|Any CPU.Build.0 = Debug|Any CPU
		{3BF97925-24F4-4CFA-B217-1C6F8883F2DF}.Release|Any CPU.ActiveCfg = Release|Any CPU
		{3BF97925-24F4-4CFA-B217-1C6F8883F2DF}.Release|Any CPU.Build.0 = Release|Any CPU
	EndGlobalSection
	GlobalSection(SolutionProperties) = preSolution
		HideSolutionNode = FALSE
	EndGlobalSection
	GlobalSection(ExtensibilityGlobals) = postSolution
		SolutionGuid = {8CE33BBB-9DC6-4CB7-8709-88798342C3C6}
	EndGlobalSection
EndGlobal
