
Microsoft Visual Studio Solution File, Format Version 12.00
# Visual Studio Version 17
VisualStudioVersion = 17.14.36301.6 d17.14
MinimumVisualStudioVersion = 10.0.40219.1
Project("{FAE04EC0-301F-11D3-BF4B-00C04F79EFBC}") = "Practice_OOP-OverloadingMethods", "Practice_OOP-OverloadingMethods\Practice_OOP-OverloadingMethods.csproj", "{8E6B879B-88E7-468C-A919-FA0F4BDAC2CA}"
EndProject
Global
	GlobalSection(SolutionConfigurationPlatforms) = preSolution
		Debug|Any CPU = Debug|Any CPU
		Release|Any CPU = Release|Any CPU
	EndGlobalSection
	GlobalSection(ProjectConfigurationPlatforms) = postSolution
		{8E6B879B-88E7-468C-A919-FA0F4BDAC2CA}.Debug|Any CPU.ActiveCfg = Debug|Any CPU
		{8E6B879B-88E7-468C-A919-FA0F4BDAC2CA}.Debug|Any CPU.Build.0 = Debug|Any CPU
		{8E6B879B-88E7-468C-A919-FA0F4BDAC2CA}.Release|Any CPU.ActiveCfg = Release|Any CPU
		{8E6B879B-88E7-468C-A919-FA0F4BDAC2CA}.Release|Any CPU.Build.0 = Release|Any CPU
	EndGlobalSection
	GlobalSection(SolutionProperties) = preSolution
		HideSolutionNode = FALSE
	EndGlobalSection
	GlobalSection(ExtensibilityGlobals) = postSolution
		SolutionGuid = {BB1F9DC6-B50B-4C2F-A22E-C8E6F8F36287}
	EndGlobalSection
EndGlobal
