
Microsoft Visual Studio Solution File, Format Version 12.00
# Visual Studio Version 17
VisualStudioVersion = 17.14.36127.28 d17.14
MinimumVisualStudioVersion = 10.0.40219.1
Project("{FAE04EC0-301F-11D3-BF4B-00C04F79EFBC}") = "Lab3_BasicCalculations", "Lab3_BasicCalculations\Lab3_BasicCalculations.csproj", "{71EC745E-37FD-43D8-94D6-10474D54BDD0}"
EndProject
Global
	GlobalSection(SolutionConfigurationPlatforms) = preSolution
		Debug|Any CPU = Debug|Any CPU
		Release|Any CPU = Release|Any CPU
	EndGlobalSection
	GlobalSection(ProjectConfigurationPlatforms) = postSolution
		{71EC745E-37FD-43D8-94D6-10474D54BDD0}.Debug|Any CPU.ActiveCfg = Debug|Any CPU
		{71EC745E-37FD-43D8-94D6-10474D54BDD0}.Debug|Any CPU.Build.0 = Debug|Any CPU
		{71EC745E-37FD-43D8-94D6-10474D54BDD0}.Release|Any CPU.ActiveCfg = Release|Any CPU
		{71EC745E-37FD-43D8-94D6-10474D54BDD0}.Release|Any CPU.Build.0 = Release|Any CPU
	EndGlobalSection
	GlobalSection(SolutionProperties) = preSolution
		HideSolutionNode = FALSE
	EndGlobalSection
	GlobalSection(ExtensibilityGlobals) = postSolution
		SolutionGuid = {E5740511-125C-4C2F-B5FF-1F1A548DADBD}
	EndGlobalSection
EndGlobal
