
Microsoft Visual Studio Solution File, Format Version 12.00
# Visual Studio Version 17
VisualStudioVersion = 17.14.36202.13 d17.14
MinimumVisualStudioVersion = 10.0.40219.1
Project("{FAE04EC0-301F-11D3-BF4B-00C04F79EFBC}") = "Lab9_Hutt-Hike", "Lab9_Hutt-Hike\Lab9_Hutt-Hike.csproj", "{A5F5161F-5EFD-4D7F-8A4A-F3DE36C3525D}"
EndProject
Global
	GlobalSection(SolutionConfigurationPlatforms) = preSolution
		Debug|Any CPU = Debug|Any CPU
		Release|Any CPU = Release|Any CPU
	EndGlobalSection
	GlobalSection(ProjectConfigurationPlatforms) = postSolution
		{A5F5161F-5EFD-4D7F-8A4A-F3DE36C3525D}.Debug|Any CPU.ActiveCfg = Debug|Any CPU
		{A5F5161F-5EFD-4D7F-8A4A-F3DE36C3525D}.Debug|Any CPU.Build.0 = Debug|Any CPU
		{A5F5161F-5EFD-4D7F-8A4A-F3DE36C3525D}.Release|Any CPU.ActiveCfg = Release|Any CPU
		{A5F5161F-5EFD-4D7F-8A4A-F3DE36C3525D}.Release|Any CPU.Build.0 = Release|Any CPU
	EndGlobalSection
	GlobalSection(SolutionProperties) = preSolution
		HideSolutionNode = FALSE
	EndGlobalSection
	GlobalSection(ExtensibilityGlobals) = postSolution
		SolutionGuid = {BEE467C8-778A-446C-AB91-C321FC5CE62D}
	EndGlobalSection
EndGlobal
