
Microsoft Visual Studio Solution File, Format Version 12.00
# Visual Studio Version 17
VisualStudioVersion = 17.14.36301.6 d17.14
MinimumVisualStudioVersion = 10.0.40219.1
Project("{FAE04EC0-301F-11D3-BF4B-00C04F79EFBC}") = "Lab15_EmployeeInfo", "Lab15_EmployeeInfo\Lab15_EmployeeInfo.csproj", "{B8F3B6A7-A9C1-4819-B855-A88A55DDB696}"
EndProject
Global
	GlobalSection(SolutionConfigurationPlatforms) = preSolution
		Debug|Any CPU = Debug|Any CPU
		Release|Any CPU = Release|Any CPU
	EndGlobalSection
	GlobalSection(ProjectConfigurationPlatforms) = postSolution
		{B8F3B6A7-A9C1-4819-B855-A88A55DDB696}.Debug|Any CPU.ActiveCfg = Debug|Any CPU
		{B8F3B6A7-A9C1-4819-B855-A88A55DDB696}.Debug|Any CPU.Build.0 = Debug|Any CPU
		{B8F3B6A7-A9C1-4819-B855-A88A55DDB696}.Release|Any CPU.ActiveCfg = Release|Any CPU
		{B8F3B6A7-A9C1-4819-B855-A88A55DDB696}.Release|Any CPU.Build.0 = Release|Any CPU
	EndGlobalSection
	GlobalSection(SolutionProperties) = preSolution
		HideSolutionNode = FALSE
	EndGlobalSection
	GlobalSection(ExtensibilityGlobals) = postSolution
		SolutionGuid = {8AFE5B15-92E9-4AA6-8233-3EB67189BED3}
	EndGlobalSection
EndGlobal
